// !$*UTF8*$!
{
	archiveVersion = 1;
	classes = {
	};
	objectVersion = 50;
	objects = {

/* Begin PBXBuildFile section */
		D5943B732377F6B90075E8D7 /* AppDelegate.swift in Sources */ = {isa = PBXBuildFile; fileRef = D5943B722377F6B90075E8D7 /* AppDelegate.swift */; };
		D5943B752377F6B90075E8D7 /* ViewController.swift in Sources */ = {isa = PBXBuildFile; fileRef = D5943B742377F6B90075E8D7 /* ViewController.swift */; };
		D5943B782377F6B90075E8D7 /* Main.storyboard in Resources */ = {isa = PBXBuildFile; fileRef = D5943B762377F6B90075E8D7 /* Main.storyboard */; };
		D5943B7A2377F6BC0075E8D7 /* Assets.xcassets in Resources */ = {isa = PBXBuildFile; fileRef = D5943B792377F6BC0075E8D7 /* Assets.xcassets */; };
		D5943B7D2377F6BC0075E8D7 /* LaunchScreen.storyboard in Resources */ = {isa = PBXBuildFile; fileRef = D5943B7B2377F6BC0075E8D7 /* LaunchScreen.storyboard */; };
		D5943B852377F6CC0075E8D7 /* RomanNumeral.swift in Sources */ = {isa = PBXBuildFile; fileRef = D5943B842377F6CC0075E8D7 /* RomanNumeral.swift */; };
		D5943B8D2377F7130075E8D7 /* RomanNumeralsTests.swift in Sources */ = {isa = PBXBuildFile; fileRef = D5943B8C2377F7130075E8D7 /* RomanNumeralsTests.swift */; };
/* End PBXBuildFile section */

/* Begin PBXContainerItemProxy section */
		D5943B8F2377F7130075E8D7 /* PBXContainerItemProxy */ = {
			isa = PBXContainerItemProxy;
			containerPortal = D5943B672377F6B80075E8D7 /* Project object */;
			proxyType = 1;
			remoteGlobalIDString = D5943B6E2377F6B90075E8D7;
			remoteInfo = RomanNumerals;
		};
/* End PBXContainerItemProxy section */

/* Begin PBXFileReference section */
		D5943B6F2377F6B90075E8D7 /* RomanNumerals.app */ = {isa = PBXFileReference; explicitFileType = wrapper.application; includeInIndex = 0; path = RomanNumerals.app; sourceTree = BUILT_PRODUCTS_DIR; };
		D5943B722377F6B90075E8D7 /* AppDelegate.swift */ = {isa = PBXFileReference; lastKnownFileType = sourcecode.swift; path = AppDelegate.swift; sourceTree = "<group>"; };
		D5943B742377F6B90075E8D7 /* ViewController.swift */ = {isa = PBXFileReference; lastKnownFileType = sourcecode.swift; path = ViewController.swift; sourceTree = "<group>"; };
		D5943B772377F6B90075E8D7 /* Base */ = {isa = PBXFileReference; lastKnownFileType = file.storyboard; name = Base; path = Base.lproj/Main.storyboard; sourceTree = "<group>"; };
		D5943B792377F6BC0075E8D7 /* Assets.xcassets */ = {isa = PBXFileReference; lastKnownFileType = folder.assetcatalog; path = Assets.xcassets; sourceTree = "<group>"; };
		D5943B7C2377F6BC0075E8D7 /* Base */ = {isa = PBXFileReference; lastKnownFileType = file.storyboard; name = Base; path = Base.lproj/LaunchScreen.storyboard; sourceTree = "<group>"; };
		D5943B7E2377F6BC0075E8D7 /* Info.plist */ = {isa = PBXFileReference; lastKnownFileType = text.plist.xml; path = Info.plist; sourceTree = "<group>"; };
		D5943B842377F6CC0075E8D7 /* RomanNumeral.swift */ = {isa = PBXFileReference; lastKnownFileType = sourcecode.swift; path = RomanNumeral.swift; sourceTree = "<group>"; };
		D5943B8A2377F7130075E8D7 /* RomanNumeralsTests.xctest */ = {isa = PBXFileReference; explicitFileType = wrapper.cfbundle; includeInIndex = 0; path = RomanNumeralsTests.xctest; sourceTree = BUILT_PRODUCTS_DIR; };
		D5943B8C2377F7130075E8D7 /* RomanNumeralsTests.swift */ = {isa = PBXFileReference; lastKnownFileType = sourcecode.swift; path = RomanNumeralsTests.swift; sourceTree = "<group>"; };
		D5943B8E2377F7130075E8D7 /* Info.plist */ = {isa = PBXFileReference; lastKnownFileType = text.plist.xml; path = Info.plist; sourceTree = "<group>"; };
		D5943B942378391A0075E8D7 /* LICENSE */ = {isa = PBXFileReference; lastKnownFileType = text; path = LICENSE; sourceTree = "<group>"; };
		D5943B952378391A0075E8D7 /* README.md */ = {isa = PBXFileReference; lastKnownFileType = net.daringfireball.markdown; path = README.md; sourceTree = "<group>"; };
/* End PBXFileReference section */

/* Begin PBXFrameworksBuildPhase section */
		D5943B6C2377F6B90075E8D7 /* Frameworks */ = {
			isa = PBXFrameworksBuildPhase;
			buildActionMask = 2147483647;
			files = (
			);
			runOnlyForDeploymentPostprocessing = 0;
		};
		D5943B872377F7130075E8D7 /* Frameworks */ = {
			isa = PBXFrameworksBuildPhase;
			buildActionMask = 2147483647;
			files = (
			);
			runOnlyForDeploymentPostprocessing = 0;
		};
/* End PBXFrameworksBuildPhase section */

/* Begin PBXGroup section */
		D5943B662377F6B80075E8D7 = {
			isa = PBXGroup;
			children = (
				D5943B942378391A0075E8D7 /* LICENSE */,
				D5943B952378391A0075E8D7 /* README.md */,
				D5943B712377F6B90075E8D7 /* RomanNumerals */,
				D5943B8B2377F7130075E8D7 /* RomanNumeralsTests */,
				D5943B702377F6B90075E8D7 /* Products */,
			);
			sourceTree = "<group>";
		};
		D5943B702377F6B90075E8D7 /* Products */ = {
			isa = PBXGroup;
			children = (
				D5943B6F2377F6B90075E8D7 /* RomanNumerals.app */,
				D5943B8A2377F7130075E8D7 /* RomanNumeralsTests.xctest */,
			);
			name = Products;
			sourceTree = "<group>";
		};
		D5943B712377F6B90075E8D7 /* RomanNumerals */ = {
			isa = PBXGroup;
			children = (
				D5943B722377F6B90075E8D7 /* AppDelegate.swift */,
				D5943B742377F6B90075E8D7 /* ViewController.swift */,
				D5943B842377F6CC0075E8D7 /* RomanNumeral.swift */,
				D5943B762377F6B90075E8D7 /* Main.storyboard */,
				D5943B792377F6BC0075E8D7 /* Assets.xcassets */,
				D5943B7B2377F6BC0075E8D7 /* LaunchScreen.storyboard */,
				D5943B7E2377F6BC0075E8D7 /* Info.plist */,
			);
			path = RomanNumerals;
			sourceTree = "<group>";
		};
		D5943B8B2377F7130075E8D7 /* RomanNumeralsTests */ = {
			isa = PBXGroup;
			children = (
				D5943B8C2377F7130075E8D7 /* RomanNumeralsTests.swift */,
				D5943B8E2377F7130075E8D7 /* Info.plist */,
			);
			path = RomanNumeralsTests;
			sourceTree = "<group>";
		};
/* End PBXGroup section */

/* Begin PBXNativeTarget section */
		D5943B6E2377F6B90075E8D7 /* RomanNumerals */ = {
			isa = PBXNativeTarget;
			buildConfigurationList = D5943B812377F6BC0075E8D7 /* Build configuration list for PBXNativeTarget "RomanNumerals" */;
			buildPhases = (
				D5943B6B2377F6B90075E8D7 /* Sources */,
				D5943B6C2377F6B90075E8D7 /* Frameworks */,
				D5943B6D2377F6B90075E8D7 /* Resources */,
			);
			buildRules = (
			);
			dependencies = (
			);
			name = RomanNumerals;
			productName = RomanNumerals;
			productReference = D5943B6F2377F6B90075E8D7 /* RomanNumerals.app */;
			productType = "com.apple.product-type.application";
		};
		D5943B892377F7130075E8D7 /* RomanNumeralsTests */ = {
			isa = PBXNativeTarget;
			buildConfigurationList = D5943B912377F7130075E8D7 /* Build configuration list for PBXNativeTarget "RomanNumeralsTests" */;
			buildPhases = (
				D5943B862377F7130075E8D7 /* Sources */,
				D5943B872377F7130075E8D7 /* Frameworks */,
				D5943B882377F7130075E8D7 /* Resources */,
			);
			buildRules = (
			);
			dependencies = (
				D5943B902377F7130075E8D7 /* PBXTargetDependency */,
			);
			name = RomanNumeralsTests;
			productName = RomanNumeralsTests;
			productReference = D5943B8A2377F7130075E8D7 /* RomanNumeralsTests.xctest */;
			productType = "com.apple.product-type.bundle.unit-test";
		};
/* End PBXNativeTarget section */

/* Begin PBXProject section */
		D5943B672377F6B80075E8D7 /* Project object */ = {
			isa = PBXProject;
			attributes = {
				LastSwiftUpdateCheck = 1030;
				LastUpgradeCheck = 1030;
				ORGANIZATIONNAME = Software101;
				TargetAttributes = {
					D5943B6E2377F6B90075E8D7 = {
						CreatedOnToolsVersion = 10.3;
					};
					D5943B892377F7130075E8D7 = {
						CreatedOnToolsVersion = 10.3;
						TestTargetID = D5943B6E2377F6B90075E8D7;
					};
				};
			};
			buildConfigurationList = D5943B6A2377F6B80075E8D7 /* Build configuration list for PBXProject "RomanNumerals" */;
			compatibilityVersion = "Xcode 9.3";
			developmentRegion = en;
			hasScannedForEncodings = 0;
			knownRegions = (
				en,
				Base,
			);
			mainGroup = D5943B662377F6B80075E8D7;
			productRefGroup = D5943B702377F6B90075E8D7 /* Products */;
			projectDirPath = "";
			projectRoot = "";
			targets = (
				D5943B6E2377F6B90075E8D7 /* RomanNumerals */,
				D5943B892377F7130075E8D7 /* RomanNumeralsTests */,
			);
		};
/* End PBXProject section */

/* Begin PBXResourcesBuildPhase section */
		D5943B6D2377F6B90075E8D7 /* Resources */ = {
			isa = PBXResourcesBuildPhase;
			buildActionMask = 2147483647;
			files = (
				D5943B7D2377F6BC0075E8D7 /* LaunchScreen.storyboard in Resources */,
				D5943B7A2377F6BC0075E8D7 /* Assets.xcassets in Resources */,
				D5943B782377F6B90075E8D7 /* Main.storyboard in Resources */,
			);
			runOnlyForDeploymentPostprocessing = 0;
		};
		D5943B882377F7130075E8D7 /* Resources */ = {
			isa = PBXResourcesBuildPhase;
			buildActionMask = 2147483647;
			files = (
			);
			runOnlyForDeploymentPostprocessing = 0;
		};
/* End PBXResourcesBuildPhase section */

/* Begin PBXSourcesBuildPhase section */
		D5943B6B2377F6B90075E8D7 /* Sources */ = {
			isa = PBXSourcesBuildPhase;
			buildActionMask = 2147483647;
			files = (
				D5943B752377F6B90075E8D7 /* ViewController.swift in Sources */,
				D5943B732377F6B90075E8D7 /* AppDelegate.swift in Sources */,
				D5943B852377F6CC0075E8D7 /* RomanNumeral.swift in Sources */,
			);
			runOnlyForDeploymentPostprocessing = 0;
		};
		D5943B862377F7130075E8D7 /* Sources */ = {
			isa = PBXSourcesBuildPhase;
			buildActionMask = 2147483647;
			files = (
				D5943B8D2377F7130075E8D7 /* RomanNumeralsTests.swift in Sources */,
			);
			runOnlyForDeploymentPostprocessing = 0;
		};
/* End PBXSourcesBuildPhase section */

/* Begin PBXTargetDependency section */
		D5943B902377F7130075E8D7 /* PBXTargetDependency */ = {
			isa = PBXTargetDependency;
			target = D5943B6E2377F6B90075E8D7 /* RomanNumerals */;
			targetProxy = D5943B8F2377F7130075E8D7 /* PBXContainerItemProxy */;
		};
/* End PBXTargetDependency section */

/* Begin PBXVariantGroup section */
		D5943B762377F6B90075E8D7 /* Main.storyboard */ = {
			isa = PBXVariantGroup;
			children = (
				D5943B772377F6B90075E8D7 /* Base */,
			);
			name = Main.storyboard;
			sourceTree = "<group>";
		};
		D5943B7B2377F6BC0075E8D7 /* LaunchScreen.storyboard */ = {
			isa = PBXVariantGroup;
			children = (
				D5943B7C2377F6BC0075E8D7 /* Base */,
			);
			name = LaunchScreen.storyboard;
			sourceTree = "<group>";
		};
/* End PBXVariantGroup section */

/* Begin XCBuildConfiguration section */
		D5943B7F2377F6BC0075E8D7 /* Debug */ = {
			isa = XCBuildConfiguration;
			buildSettings = {
				ALWAYS_SEARCH_USER_PATHS = NO;
				CLANG_ANALYZER_NONNULL = YES;
				CLANG_ANALYZER_NUMBER_OBJECT_CONVERSION = YES_AGGRESSIVE;
				CLANG_CXX_LANGUAGE_STANDARD = "gnu++14";
				CLANG_CXX_LIBRARY = "libc++";
				CLANG_ENABLE_MODULES = YES;
				CLANG_ENABLE_OBJC_ARC = YES;
				CLANG_ENABLE_OBJC_WEAK = YES;
				CLANG_WARN_BLOCK_CAPTURE_AUTORELEASING = YES;
				CLANG_WARN_BOOL_CONVERSION = YES;
				CLANG_WARN_COMMA = YES;
				CLANG_WARN_CONSTANT_CONVERSION = YES;
				CLANG_WARN_DEPRECATED_OBJC_IMPLEMENTATIONS = YES;
				CLANG_WARN_DIRECT_OBJC_ISA_USAGE = YES_ERROR;
				CLANG_WARN_DOCUMENTATION_COMMENTS = YES;
				CLANG_WARN_EMPTY_BODY = YES;
				CLANG_WARN_ENUM_CONVERSION = YES;
				CLANG_WARN_INFINITE_RECURSION = YES;
				CLANG_WARN_INT_CONVERSION = YES;
				CLANG_WARN_NON_LITERAL_NULL_CONVERSION = YES;
				CLANG_WARN_OBJC_IMPLICIT_RETAIN_SELF = YES;
				CLANG_WARN_OBJC_LITERAL_CONVERSION = YES;
				CLANG_WARN_OBJC_ROOT_CLASS = YES_ERROR;
				CLANG_WARN_RANGE_LOOP_ANALYSIS = YES;
				CLANG_WARN_STRICT_PROTOTYPES = YES;
				CLANG_WARN_SUSPICIOUS_MOVE = YES;
				CLANG_WARN_UNGUARDED_AVAILABILITY = YES_AGGRESSIVE;
				CLANG_WARN_UNREACHABLE_CODE = YES;
				CLANG_WARN__DUPLICATE_METHOD_MATCH = YES;
				CODE_SIGN_IDENTITY = "iPhone Developer";
				COPY_PHASE_STRIP = NO;
				DEBUG_INFORMATION_FORMAT = dwarf;
				ENABLE_STRICT_OBJC_MSGSEND = YES;
				ENABLE_TESTABILITY = YES;
				GCC_C_LANGUAGE_STANDARD = gnu11;
				GCC_DYNAMIC_NO_PIC = NO;
				GCC_NO_COMMON_BLOCKS = YES;
				GCC_OPTIMIZATION_LEVEL = 0;
				GCC_PREPROCESSOR_DEFINITIONS = (
					"DEBUG=1",
					"$(inherited)",
				);
				GCC_WARN_64_TO_32_BIT_CONVERSION = YES;
				GCC_WARN_ABOUT_RETURN_TYPE = YES_ERROR;
				GCC_WARN_UNDECLARED_SELECTOR = YES;
				GCC_WARN_UNINITIALIZED_AUTOS = YES_AGGRESSIVE;
				GCC_WARN_UNUSED_FUNCTION = YES;
				GCC_WARN_UNUSED_VARIABLE = YES;
				IPHONEOS_DEPLOYMENT_TARGET = 12.4;
				MTL_ENABLE_DEBUG_INFO = INCLUDE_SOURCE;
				MTL_FAST_MATH = YES;
				ONLY_ACTIVE_ARCH = YES;
				SDKROOT = iphoneos;
				SWIFT_ACTIVE_COMPILATION_CONDITIONS = DEBUG;
				SWIFT_OPTIMIZATION_LEVEL = "-Onone";
			};
			name = Debug;
		};
		D5943B802377F6BC0075E8D7 /* Release */ = {
			isa = XCBuildConfiguration;
			buildSettings = {
				ALWAYS_SEARCH_USER_PATHS = NO;
				CLANG_ANALYZER_NONNULL = YES;
				CLANG_ANALYZER_NUMBER_OBJECT_CONVERSION = YES_AGGRESSIVE;
				CLANG_CXX_LANGUAGE_STANDARD = "gnu++14";
				CLANG_CXX_LIBRARY = "libc++";
				CLANG_ENABLE_MODULES = YES;
				CLANG_ENABLE_OBJC_ARC = YES;
				CLANG_ENABLE_OBJC_WEAK = YES;
				CLANG_WARN_BLOCK_CAPTURE_AUTORELEASING = YES;
				CLANG_WARN_BOOL_CONVERSION = YES;
				CLANG_WARN_COMMA = YES;
				CLANG_WARN_CONSTANT_CONVERSION = YES;
				CLANG_WARN_DEPRECATED_OBJC_IMPLEMENTATIONS = YES;
				CLANG_WARN_DIRECT_OBJC_ISA_USAGE = YES_ERROR;
				CLANG_WARN_DOCUMENTATION_COMMENTS = YES;
				CLANG_WARN_EMPTY_BODY = YES;
				CLANG_WARN_ENUM_CONVERSION = YES;
				CLANG_WARN_INFINITE_RECURSION = YES;
				CLANG_WARN_INT_CONVERSION = YES;
				CLANG_WARN_NON_LITERAL_NULL_CONVERSION = YES;
				CLANG_WARN_OBJC_IMPLICIT_RETAIN_SELF = YES;
				CLANG_WARN_OBJC_LITERAL_CONVERSION = YES;
				CLANG_WARN_OBJC_ROOT_CLASS = YES_ERROR;
				CLANG_WARN_RANGE_LOOP_ANALYSIS = YES;
				CLANG_WARN_STRICT_PROTOTYPES = YES;
				CLANG_WARN_SUSPICIOUS_MOVE = YES;
				CLANG_WARN_UNGUARDED_AVAILABILITY = YES_AGGRESSIVE;
				CLANG_WARN_UNREACHABLE_CODE = YES;
				CLANG_WARN__DUPLICATE_METHOD_MATCH = YES;
				CODE_SIGN_IDENTITY = "iPhone Developer";
				COPY_PHASE_STRIP = NO;
				DEBUG_INFORMATION_FORMAT = "dwarf-with-dsym";
				ENABLE_NS_ASSERTIONS = NO;
				ENABLE_STRICT_OBJC_MSGSEND = YES;
				GCC_C_LANGUAGE_STANDARD = gnu11;
				GCC_NO_COMMON_BLOCKS = YES;
				GCC_WARN_64_TO_32_BIT_CONVERSION = YES;
				GCC_WARN_ABOUT_RETURN_TYPE = YES_ERROR;
				GCC_WARN_UNDECLARED_SELECTOR = YES;
				GCC_WARN_UNINITIALIZED_AUTOS = YES_AGGRESSIVE;
				GCC_WARN_UNUSED_FUNCTION = YES;
				GCC_WARN_UNUSED_VARIABLE = YES;
				IPHONEOS_DEPLOYMENT_TARGET = 12.4;
				MTL_ENABLE_DEBUG_INFO = NO;
				MTL_FAST_MATH = YES;
				SDKROOT = iphoneos;
				SWIFT_COMPILATION_MODE = wholemodule;
				SWIFT_OPTIMIZATION_LEVEL = "-O";
				VALIDATE_PRODUCT = YES;
			};
			name = Release;
		};
		D5943B822377F6BC0075E8D7 /* Debug */ = {
			isa = XCBuildConfiguration;
			buildSettings = {
				ASSETCATALOG_COMPILER_APPICON_NAME = AppIcon;
				CODE_SIGN_STYLE = Automatic;
				DEVELOPMENT_TEAM = B7H9Y9D4HC;
				INFOPLIST_FILE = RomanNumerals/Info.plist;
				LD_RUNPATH_SEARCH_PATHS = (
					"$(inherited)",
					"@executable_path/Frameworks",
				);
				PRODUCT_BUNDLE_IDENTIFIER = com.software101.RomanNumerals;
				PRODUCT_NAME = "$(TARGET_NAME)";
				SWIFT_VERSION = 5.0;
				TARGETED_DEVICE_FAMILY = "1,2";
			};
			name = Debug;
		};
		D5943B832377F6BC0075E8D7 /* Release */ = {
			isa = XCBuildConfiguration;
			buildSettings = {
				ASSETCATALOG_COMPILER_APPICON_NAME = AppIcon;
				CODE_SIGN_STYLE = Automatic;
				DEVELOPMENT_TEAM = B7H9Y9D4HC;
				INFOPLIST_FILE = RomanNumerals/Info.plist;
				LD_RUNPATH_SEARCH_PATHS = (
					"$(inherited)",
					"@executable_path/Frameworks",
				);
				PRODUCT_BUNDLE_IDENTIFIER = com.software101.RomanNumerals;
				PRODUCT_NAME = "$(TARGET_NAME)";
				SWIFT_VERSION = 5.0;
				TARGETED_DEVICE_FAMILY = "1,2";
			};
			name = Release;
		};
		D5943B922377F7130075E8D7 /* Debug */ = {
			isa = XCBuildConfiguration;
			buildSettings = {
				BUNDLE_LOADER = "$(TEST_HOST)";
				CODE_SIGN_STYLE = Automatic;
				DEVELOPMENT_TEAM = B7H9Y9D4HC;
				INFOPLIST_FILE = RomanNumeralsTests/Info.plist;
				LD_RUNPATH_SEARCH_PATHS = (
					"$(inherited)",
					"@executable_path/Frameworks",
					"@loader_path/Frameworks",
				);
				PRODUCT_BUNDLE_IDENTIFIER = com.software101.RomanNumeralsTests;
				PRODUCT_NAME = "$(TARGET_NAME)";
				SWIFT_VERSION = 5.0;
				TARGETED_DEVICE_FAMILY = "1,2";
				TEST_HOST = "$(BUILT_PRODUCTS_DIR)/RomanNumerals.app/RomanNumerals";
			};
			name = Debug;
		};
		D5943B932377F7130075E8D7 /* Release */ = {
			isa = XCBuildConfiguration;
			buildSettings = {
				BUNDLE_LOADER = "$(TEST_HOST)";
				CODE_SIGN_STYLE = Automatic;
				DEVELOPMENT_TEAM = B7H9Y9D4HC;
				INFOPLIST_FILE = RomanNumeralsTests/Info.plist;
				LD_RUNPATH_SEARCH_PATHS = (
					"$(inherited)",
					"@executable_path/Frameworks",
					"@loader_path/Frameworks",
				);
				PRODUCT_BUNDLE_IDENTIFIER = com.software101.RomanNumeralsTests;
				PRODUCT_NAME = "$(TARGET_NAME)";
				SWIFT_VERSION = 5.0;
				TARGETED_DEVICE_FAMILY = "1,2";
				TEST_HOST = "$(BUILT_PRODUCTS_DIR)/RomanNumerals.app/RomanNumerals";
			};
			name = Release;
		};
/* End XCBuildConfiguration section */

/* Begin XCConfigurationList section */
		D5943B6A2377F6B80075E8D7 /* Build configuration list for PBXProject "RomanNumerals" */ = {
			isa = XCConfigurationList;
			buildConfigurations = (
				D5943B7F2377F6BC0075E8D7 /* Debug */,
				D5943B802377F6BC0075E8D7 /* Release */,
			);
			defaultConfigurationIsVisible = 0;
			defaultConfigurationName = Release;
		};
		D5943B812377F6BC0075E8D7 /* Build configuration list for PBXNativeTarget "RomanNumerals" */ = {
			isa = XCConfigurationList;
			buildConfigurations = (
				D5943B822377F6BC0075E8D7 /* Debug */,
				D5943B832377F6BC0075E8D7 /* Release */,
			);
			defaultConfigurationIsVisible = 0;
			defaultConfigurationName = Release;
		};
		D5943B912377F7130075E8D7 /* Build configuration list for PBXNativeTarget "RomanNumeralsTests" */ = {
			isa = XCConfigurationList;
			buildConfigurations = (
				D5943B922377F7130075E8D7 /* Debug */,
				D5943B932377F7130075E8D7 /* Release */,
			);
			defaultConfigurationIsVisible = 0;
			defaultConfigurationName = Release;
		};
/* End XCConfigurationList section */
	};
	rootObject = D5943B672377F6B80075E8D7 /* Project object */;
}
